PODS:
  - MapLibre (5.13.0)

DEPENDENCIES:
  - MapLibre (from `https://github.com/ManoyloK/maplibre-cocoapods.git`)

EXTERNAL SOURCES:
  MapLibre:
    :git: https://github.com/ManoyloK/maplibre-cocoapods.git

CHECKOUT OPTIONS:
  MapLibre:
    :commit: 52557ae9f356c6d45d12a5c1ebb6eb0ba23e809f
    :git: https://github.com/ManoyloK/maplibre-cocoapods.git

SPEC CHECKSUMS:
  MapLibre: 54a1a6b9508c2ee714de5373402fa3becc72d4e3

PODFILE CHECKSUM: 25a1be27e89d4353dcdb42687d6f7675793efd38

COCOAPODS: 1.12.1
